
Microsoft Visual Studio Solution File, Format Version 12.00
# Visual Studio Version 17
VisualStudioVersion = 17.11.35222.181
MinimumVisualStudioVersion = 10.0.40219.1
Project("{FAE04EC0-301F-11D3-BF4B-00C04F79EFBC}") = "P.05_DataGridView", "P.05_DataGridView\P.05_DataGridView.csproj", "{DB8319E6-F051-46B4-BFBC-163DA8906AB3}"
EndProject
Global
	GlobalSection(SolutionConfigurationPlatforms) = preSolution
		Debug|Any CPU = Debug|Any CPU
		Release|Any CPU = Release|Any CPU
	EndGlobalSection
	GlobalSection(ProjectConfigurationPlatforms) = postSolution
		{DB8319E6-F051-46B4-BFBC-163DA8906AB3}.Debug|Any CPU.ActiveCfg = Debug|Any CPU
		{DB8319E6-F051-46B4-BFBC-163DA8906AB3}.Debug|Any CPU.Build.0 = Debug|Any CPU
		{DB8319E6-F051-46B4-BFBC-163DA8906AB3}.Release|Any CPU.ActiveCfg = Release|Any CPU
		{DB8319E6-F051-46B4-BFBC-163DA8906AB3}.Release|Any CPU.Build.0 = Release|Any CPU
	EndGlobalSection
	GlobalSection(SolutionProperties) = preSolution
		HideSolutionNode = FALSE
	EndGlobalSection
	GlobalSection(ExtensibilityGlobals) = postSolution
		SolutionGuid = {03611475-C79C-4B00-8CD8-A78145335ED0}
	EndGlobalSection
EndGlobal
